Microsoft Visual Studio Solution File, Format Version 12.00
# Visual Studio 2012
Project("{FAE04EC0-301F-11D3-BF4B-00C04F79EFBC}") = "saucer", "saucer.csproj", "{FD3022B5-7DA4-460D-9A06-27E8EC31BDA9}"
EndProject
Global
	GlobalSection(SolutionConfigurationPlatforms) = preSolution
	Debug|Any CPU = Debug|Any CPU
	ExportDebug|Any CPU = ExportDebug|Any CPU
	ExportRelease|Any CPU = ExportRelease|Any CPU
	EndGlobalSection
	GlobalSection(ProjectConfigurationPlatforms) = postSolution
		{FD3022B5-7DA4-460D-9A06-27E8EC31BDA9}.Debug|Any CPU.ActiveCfg = Debug|Any CPU
		{FD3022B5-7DA4-460D-9A06-27E8EC31BDA9}.Debug|Any CPU.Build.0 = Debug|Any CPU
		{FD3022B5-7DA4-460D-9A06-27E8EC31BDA9}.ExportDebug|Any CPU.ActiveCfg = ExportDebug|Any CPU
		{FD3022B5-7DA4-460D-9A06-27E8EC31BDA9}.ExportDebug|Any CPU.Build.0 = ExportDebug|Any CPU
		{FD3022B5-7DA4-460D-9A06-27E8EC31BDA9}.ExportRelease|Any CPU.ActiveCfg = ExportRelease|Any CPU
		{FD3022B5-7DA4-460D-9A06-27E8EC31BDA9}.ExportRelease|Any CPU.Build.0 = ExportRelease|Any CPU
	EndGlobalSection
EndGlobal
